
Microsoft Visual Studio Solution File, Format Version 12.00
# Visual Studio Version 17
VisualStudioVersion = 17.6.33712.159
MinimumVisualStudioVersion = 10.0.40219.1
Project("{8BC9CEB8-8B4A-11D0-8D11-00A0C91BC942}") = "temperature conversion", "temperature conversion\temperature conversion.vcxproj", "{4F701BFA-A762-4FC0-8A21-32469F7533DA}"
EndProject
Global
	GlobalSection(SolutionConfigurationPlatforms) = preSolution
		Debug|x64 = Debug|x64
		Debug|x86 = Debug|x86
		Release|x64 = Release|x64
		Release|x86 = Release|x86
	EndGlobalSection
	GlobalSection(ProjectConfigurationPlatforms) = postSolution
		{4F701BFA-A762-4FC0-8A21-32469F7533DA}.Debug|x64.ActiveCfg = Debug|x64
		{4F701BFA-A762-4FC0-8A21-32469F7533DA}.Debug|x64.Build.0 = Debug|x64
		{4F701BFA-A762-4FC0-8A21-32469F7533DA}.Debug|x86.ActiveCfg = Debug|Win32
		{4F701BFA-A762-4FC0-8A21-32469F7533DA}.Debug|x86.Build.0 = Debug|Win32
		{4F701BFA-A762-4FC0-8A21-32469F7533DA}.Release|x64.ActiveCfg = Release|x64
		{4F701BFA-A762-4FC0-8A21-32469F7533DA}.Release|x64.Build.0 = Release|x64
		{4F701BFA-A762-4FC0-8A21-32469F7533DA}.Release|x86.ActiveCfg = Release|Win32
		{4F701BFA-A762-4FC0-8A21-32469F7533DA}.Release|x86.Build.0 = Release|Win32
	EndGlobalSection
	GlobalSection(SolutionProperties) = preSolution
		HideSolutionNode = FALSE
	EndGlobalSection
	GlobalSection(ExtensibilityGlobals) = postSolution
		SolutionGuid = {724E09DB-E89B-4E7E-BD94-F988A41407D6}
	EndGlobalSection
EndGlobal
